
Microsoft Visual Studio Solution File, Format Version 12.00
# Visual Studio 15
VisualStudioVersion = 15.0.27130.2003
MinimumVisualStudioVersion = 10.0.40219.1
Project("{FAE04EC0-301F-11D3-BF4B-00C04F79EFBC}") = "nat-gas-d3", "nat-gas-d3\nat-gas-d3.csproj", "{01CE1D6D-0A8E-4D8C-B2A3-A82AD0155958}"
EndProject
Global
	GlobalSection(SolutionConfigurationPlatforms) = preSolution
		Debug|Any CPU = Debug|Any CPU
		Release|Any CPU = Release|Any CPU
	EndGlobalSection
	GlobalSection(ProjectConfigurationPlatforms) = postSolution
		{01CE1D6D-0A8E-4D8C-B2A3-A82AD0155958}.Debug|Any CPU.ActiveCfg = Debug|Any CPU
		{01CE1D6D-0A8E-4D8C-B2A3-A82AD0155958}.Debug|Any CPU.Build.0 = Debug|Any CPU
		{01CE1D6D-0A8E-4D8C-B2A3-A82AD0155958}.Release|Any CPU.ActiveCfg = Release|Any CPU
		{01CE1D6D-0A8E-4D8C-B2A3-A82AD0155958}.Release|Any CPU.Build.0 = Release|Any CPU
	EndGlobalSection
	GlobalSection(SolutionProperties) = preSolution
		HideSolutionNode = FALSE
	EndGlobalSection
	GlobalSection(ExtensibilityGlobals) = postSolution
		SolutionGuid = {087F428E-2AFC-4ABD-8550-989BEA20427B}
	EndGlobalSection
EndGlobal
